
Microsoft Visual Studio Solution File, Format Version 12.00
# Visual Studio Version 17
VisualStudioVersion = 17.7.34031.279
MinimumVisualStudioVersion = 10.0.40219.1
Project("{FAE04EC0-301F-11D3-BF4B-00C04F79EFBC}") = "Correction_TP21_EDI", "Correction_TP21_EDI.csproj", "{7F71EAA6-6D0B-4562-A072-67C14E204DEA}"
EndProject
Global
	GlobalSection(SolutionConfigurationPlatforms) = preSolution
		Debug|Any CPU = Debug|Any CPU
		Release|Any CPU = Release|Any CPU
	EndGlobalSection
	GlobalSection(ProjectConfigurationPlatforms) = postSolution
		{7F71EAA6-6D0B-4562-A072-67C14E204DEA}.Debug|Any CPU.ActiveCfg = Debug|Any CPU
		{7F71EAA6-6D0B-4562-A072-67C14E204DEA}.Debug|Any CPU.Build.0 = Debug|Any CPU
		{7F71EAA6-6D0B-4562-A072-67C14E204DEA}.Release|Any CPU.ActiveCfg = Release|Any CPU
		{7F71EAA6-6D0B-4562-A072-67C14E204DEA}.Release|Any CPU.Build.0 = Release|Any CPU
	EndGlobalSection
	GlobalSection(SolutionProperties) = preSolution
		HideSolutionNode = FALSE
	EndGlobalSection
	GlobalSection(ExtensibilityGlobals) = postSolution
		SolutionGuid = {3327EE0E-ADA3-4EE4-9558-76F6120C457E}
	EndGlobalSection
EndGlobal
